{
  "name": "visorml",
  "version": "1.0.0",
  "lockfileVersion": 1,
  "requires": true,
  "dependencies": {
    "plotly.js-dist": {
      "version": "2.6.3",
      "resolved": "https://registry.npmjs.org/plotly.js-dist/-/plotly.js-dist-2.6.3.tgz",
      "integrity": "sha512-qApdpFKV8HVrPCJJxfK+2D0jCGcJfDE0IqiSoeG7nmxLATvVVVn2OThmt5vNDnOeJOHf/yUzZ46rxelBJ2/30g=="
    }
  }
}
